
Microsoft Visual Studio Solution File, Format Version 12.00
Project("{FAE04EC0-301F-11D3-BF4B-00C04F79EFBC}") = "HappyFarmer", "HappyFarmer\HappyFarmer.csproj", "{ECBE450F-E3CB-404D-972D-F18378615693}"
EndProject
Global
	GlobalSection(SolutionConfigurationPlatforms) = preSolution
		Debug|Any CPU = Debug|Any CPU
		Release|Any CPU = Release|Any CPU
	EndGlobalSection
	GlobalSection(ProjectConfigurationPlatforms) = postSolution
		{ECBE450F-E3CB-404D-972D-F18378615693}.Debug|Any CPU.ActiveCfg = Debug|Any CPU
		{ECBE450F-E3CB-404D-972D-F18378615693}.Debug|Any CPU.Build.0 = Debug|Any CPU
		{ECBE450F-E3CB-404D-972D-F18378615693}.Release|Any CPU.ActiveCfg = Release|Any CPU
		{ECBE450F-E3CB-404D-972D-F18378615693}.Release|Any CPU.Build.0 = Release|Any CPU
	EndGlobalSection
EndGlobal
